
Microsoft Visual Studio Solution File, Format Version 12.00
# Visual Studio Version 17
VisualStudioVersion = 17.4.33213.308
MinimumVisualStudioVersion = 10.0.40219.1
Project("{FAE04EC0-301F-11D3-BF4B-00C04F79EFBC}") = "WpfApp1", "WpfApp1\WpfApp1.csproj", "{57E75D42-1752-40BA-8DB3-E7B708A5BEDF}"
EndProject
Global
	GlobalSection(SolutionConfigurationPlatforms) = preSolution
		Debug|Any CPU = Debug|Any CPU
		Release|Any CPU = Release|Any CPU
	EndGlobalSection
	GlobalSection(ProjectConfigurationPlatforms) = postSolution
		{57E75D42-1752-40BA-8DB3-E7B708A5BEDF}.Debug|Any CPU.ActiveCfg = Debug|Any CPU
		{57E75D42-1752-40BA-8DB3-E7B708A5BEDF}.Debug|Any CPU.Build.0 = Debug|Any CPU
		{57E75D42-1752-40BA-8DB3-E7B708A5BEDF}.Release|Any CPU.ActiveCfg = Release|Any CPU
		{57E75D42-1752-40BA-8DB3-E7B708A5BEDF}.Release|Any CPU.Build.0 = Release|Any CPU
	EndGlobalSection
	GlobalSection(SolutionProperties) = preSolution
		HideSolutionNode = FALSE
	EndGlobalSection
	GlobalSection(ExtensibilityGlobals) = postSolution
		SolutionGuid = {4CF9CFA8-740E-483D-83AA-C81943ADAA9F}
	EndGlobalSection
EndGlobal
